
Microsoft Visual Studio Solution File, Format Version 12.00
# Visual Studio Version 16
VisualStudioVersion = 16.0.30225.117
MinimumVisualStudioVersion = 10.0.40219.1
Project("{FAE04EC0-301F-11D3-BF4B-00C04F79EFBC}") = "HI3_ReplaceAce", "HI3_ReplaceAce.csproj", "{B4B29F64-7162-45EB-AF87-1A55598B6A19}"
EndProject
Global
	GlobalSection(SolutionConfigurationPlatforms) = preSolution
		Debug|Any CPU = Debug|Any CPU
		Release|Any CPU = Release|Any CPU
	EndGlobalSection
	GlobalSection(ProjectConfigurationPlatforms) = postSolution
		{B4B29F64-7162-45EB-AF87-1A55598B6A19}.Debug|Any CPU.ActiveCfg = Debug|Any CPU
		{B4B29F64-7162-45EB-AF87-1A55598B6A19}.Debug|Any CPU.Build.0 = Debug|Any CPU
		{B4B29F64-7162-45EB-AF87-1A55598B6A19}.Release|Any CPU.ActiveCfg = Release|Any CPU
		{B4B29F64-7162-45EB-AF87-1A55598B6A19}.Release|Any CPU.Build.0 = Release|Any CPU
	EndGlobalSection
	GlobalSection(SolutionProperties) = preSolution
		HideSolutionNode = FALSE
	EndGlobalSection
	GlobalSection(ExtensibilityGlobals) = postSolution
		SolutionGuid = {86CA4AEB-F9B9-484B-86F7-769683279FE1}
	EndGlobalSection
EndGlobal
